
Microsoft Visual Studio Solution File, Format Version 12.00
# Visual Studio Version 17
VisualStudioVersion = 17.0.32112.339
MinimumVisualStudioVersion = 10.0.40219.1
Project("{FAE04EC0-301F-11D3-BF4B-00C04F79EFBC}") = "Reverse", "Reverse.csproj", "{33402123-66BA-49FB-89B7-2AEFAA154C9C}"
EndProject
Global
	GlobalSection(SolutionConfigurationPlatforms) = preSolution
		Debug|Any CPU = Debug|Any CPU
		Release|Any CPU = Release|Any CPU
	EndGlobalSection
	GlobalSection(ProjectConfigurationPlatforms) = postSolution
		{33402123-66BA-49FB-89B7-2AEFAA154C9C}.Debug|Any CPU.ActiveCfg = Debug|Any CPU
		{33402123-66BA-49FB-89B7-2AEFAA154C9C}.Debug|Any CPU.Build.0 = Debug|Any CPU
		{33402123-66BA-49FB-89B7-2AEFAA154C9C}.Release|Any CPU.ActiveCfg = Release|Any CPU
		{33402123-66BA-49FB-89B7-2AEFAA154C9C}.Release|Any CPU.Build.0 = Release|Any CPU
	EndGlobalSection
	GlobalSection(SolutionProperties) = preSolution
		HideSolutionNode = FALSE
	EndGlobalSection
	GlobalSection(ExtensibilityGlobals) = postSolution
		SolutionGuid = {BA84F59D-A542-405D-B8BE-3AB1D219075A}
	EndGlobalSection
EndGlobal
